
Microsoft Visual Studio Solution File, Format Version 12.00
# Visual Studio 14
VisualStudioVersion = 14.0.23107.0
MinimumVisualStudioVersion = 10.0.40219.1
Project("{FAE04EC0-301F-11D3-BF4B-00C04F79EFBC}") = "Test", "Test\Test.csproj", "{DA0D71DC-EAC5-428F-AE2B-2E9D75B74DDF}"
EndProject
Project("{FAE04EC0-301F-11D3-BF4B-00C04F79EFBC}") = "Game", "Game\Game.csproj", "{B5AC9D12-3098-4037-932A-7DFCE967F03C}"
EndProject
Project("{FAE04EC0-301F-11D3-BF4B-00C04F79EFBC}") = "Play", "Play\Play.csproj", "{0D9624E0-590D-4BC6-8F78-641A9DFCF1BF}"
EndProject
Project("{FAE04EC0-301F-11D3-BF4B-00C04F79EFBC}") = "Storage", "Storage\Storage.csproj", "{5A07C3C1-2351-4BBE-8A52-102E402F251A}"
EndProject
Project("{FAE04EC0-301F-11D3-BF4B-00C04F79EFBC}") = "Data", "Data\Data.csproj", "{DD0DAEE5-5F0F-4A40-9A0A-3533077CB553}"
EndProject
Project("{FAE04EC0-301F-11D3-BF4B-00C04F79EFBC}") = "StorageUser", "StorageUser\StorageUser.csproj", "{7A667652-C04C-427D-ABF7-F9CD6510B090}"
EndProject
Project("{FAE04EC0-301F-11D3-BF4B-00C04F79EFBC}") = "PlayUser", "PlayUser\PlayUser.csproj", "{2ACDC367-8F0E-47C7-B467-0592E08681E6}"
EndProject
Project("{2150E333-8FDC-42A3-9474-1A3956D46DE8}") = "Lib", "Lib", "{A0552C00-9EE4-435E-9A9A-DC44FD6F3AB9}"
EndProject
Project("{FAE04EC0-301F-11D3-BF4B-00C04F79EFBC}") = "RegulusLibrary", "Regulus\Library\PureLib\RegulusLibrary.csproj", "{2F28AA04-316D-4C20-BF46-987D4A59691D}"
EndProject
Project("{FAE04EC0-301F-11D3-BF4B-00C04F79EFBC}") = "Remoting", "Regulus\Library\Remoting\Remoting.csproj", "{A4CFCE46-BDA8-4416-A1BB-77BD80514019}"
EndProject
Project("{FAE04EC0-301F-11D3-BF4B-00C04F79EFBC}") = "Regulus.Serialization", "Regulus\Library\Regulus.Serialization\Regulus.Serialization.csproj", "{8308717D-EC47-44CD-A27D-95BE5A92A36D}"
EndProject
Project("{FAE04EC0-301F-11D3-BF4B-00C04F79EFBC}") = "RemotingGhostNative", "Regulus\Library\RemotingNativeGhost\RemotingGhostNative.csproj", "{6CB4CDE6-4405-40E6-8BDF-5A2E9185CC04}"
EndProject
Project("{FAE04EC0-301F-11D3-BF4B-00C04F79EFBC}") = "RemotingSoulNative", "Regulus\Library\RemotingNativeSoul\RemotingSoulNative.csproj", "{D4580866-2273-4E9B-BE70-4FA2AB11434A}"
EndProject
Project("{FAE04EC0-301F-11D3-BF4B-00C04F79EFBC}") = "RemotingStandalone", "Regulus\Library\RemotingStandalong\RemotingStandalone.csproj", "{485F551D-9155-4982-B653-F8D4EAC2FCA1}"
EndProject
Project("{FAE04EC0-301F-11D3-BF4B-00C04F79EFBC}") = "RegulusBehaviourTree", "Regulus\Library\RegulusBehaviourTree\RegulusBehaviourTree.csproj", "{9EBEBDBA-5815-45CE-A523-1C47A47D95A6}"
EndProject
Project("{FAE04EC0-301F-11D3-BF4B-00C04F79EFBC}") = "RegulusProtocol", "Regulus\Library\RegulusProtocol\RegulusProtocol.csproj", "{00E8AFF8-E4D5-4327-86F1-D03379419431}"
EndProject
Project("{2150E333-8FDC-42A3-9474-1A3956D46DE8}") = "Tool", "Tool", "{3B94D50A-8F47-40C3-847D-458A669FD407}"
EndProject
Project("{FAE04EC0-301F-11D3-BF4B-00C04F79EFBC}") = "Server", "Regulus\Tool\Server\Server.csproj", "{FAE04BC0-81CB-41C1-8B33-DDF0C6B5C318}"
EndProject
Global
	GlobalSection(SolutionConfigurationPlatforms) = preSolution
		Debug_Unity|Any CPU = Debug_Unity|Any CPU
		Debug|Any CPU = Debug|Any CPU
		Release|Any CPU = Release|Any CPU
	EndGlobalSection
	GlobalSection(ProjectConfigurationPlatforms) = postSolution
		{DA0D71DC-EAC5-428F-AE2B-2E9D75B74DDF}.Debug_Unity|Any CPU.ActiveCfg = Debug|Any CPU
		{DA0D71DC-EAC5-428F-AE2B-2E9D75B74DDF}.Debug_Unity|Any CPU.Build.0 = Debug|Any CPU
		{DA0D71DC-EAC5-428F-AE2B-2E9D75B74DDF}.Debug|Any CPU.ActiveCfg = Debug|Any CPU
		{DA0D71DC-EAC5-428F-AE2B-2E9D75B74DDF}.Debug|Any CPU.Build.0 = Debug|Any CPU
		{DA0D71DC-EAC5-428F-AE2B-2E9D75B74DDF}.Release|Any CPU.ActiveCfg = Release|Any CPU
		{DA0D71DC-EAC5-428F-AE2B-2E9D75B74DDF}.Release|Any CPU.Build.0 = Release|Any CPU
		{B5AC9D12-3098-4037-932A-7DFCE967F03C}.Debug_Unity|Any CPU.ActiveCfg = Debug|Any CPU
		{B5AC9D12-3098-4037-932A-7DFCE967F03C}.Debug_Unity|Any CPU.Build.0 = Debug|Any CPU
		{B5AC9D12-3098-4037-932A-7DFCE967F03C}.Debug|Any CPU.ActiveCfg = Debug|Any CPU
		{B5AC9D12-3098-4037-932A-7DFCE967F03C}.Debug|Any CPU.Build.0 = Debug|Any CPU
		{B5AC9D12-3098-4037-932A-7DFCE967F03C}.Release|Any CPU.ActiveCfg = Release|Any CPU
		{B5AC9D12-3098-4037-932A-7DFCE967F03C}.Release|Any CPU.Build.0 = Release|Any CPU
		{0D9624E0-590D-4BC6-8F78-641A9DFCF1BF}.Debug_Unity|Any CPU.ActiveCfg = Debug|Any CPU
		{0D9624E0-590D-4BC6-8F78-641A9DFCF1BF}.Debug_Unity|Any CPU.Build.0 = Debug|Any CPU
		{0D9624E0-590D-4BC6-8F78-641A9DFCF1BF}.Debug|Any CPU.ActiveCfg = Debug|Any CPU
		{0D9624E0-590D-4BC6-8F78-641A9DFCF1BF}.Debug|Any CPU.Build.0 = Debug|Any CPU
		{0D9624E0-590D-4BC6-8F78-641A9DFCF1BF}.Release|Any CPU.ActiveCfg = Release|Any CPU
		{0D9624E0-590D-4BC6-8F78-641A9DFCF1BF}.Release|Any CPU.Build.0 = Release|Any CPU
		{5A07C3C1-2351-4BBE-8A52-102E402F251A}.Debug_Unity|Any CPU.ActiveCfg = Debug|Any CPU
		{5A07C3C1-2351-4BBE-8A52-102E402F251A}.Debug_Unity|Any CPU.Build.0 = Debug|Any CPU
		{5A07C3C1-2351-4BBE-8A52-102E402F251A}.Debug|Any CPU.ActiveCfg = Debug|Any CPU
		{5A07C3C1-2351-4BBE-8A52-102E402F251A}.Debug|Any CPU.Build.0 = Debug|Any CPU
		{5A07C3C1-2351-4BBE-8A52-102E402F251A}.Release|Any CPU.ActiveCfg = Release|Any CPU
		{5A07C3C1-2351-4BBE-8A52-102E402F251A}.Release|Any CPU.Build.0 = Release|Any CPU
		{DD0DAEE5-5F0F-4A40-9A0A-3533077CB553}.Debug_Unity|Any CPU.ActiveCfg = Debug|Any CPU
		{DD0DAEE5-5F0F-4A40-9A0A-3533077CB553}.Debug_Unity|Any CPU.Build.0 = Debug|Any CPU
		{DD0DAEE5-5F0F-4A40-9A0A-3533077CB553}.Debug|Any CPU.ActiveCfg = Debug|Any CPU
		{DD0DAEE5-5F0F-4A40-9A0A-3533077CB553}.Debug|Any CPU.Build.0 = Debug|Any CPU
		{DD0DAEE5-5F0F-4A40-9A0A-3533077CB553}.Release|Any CPU.ActiveCfg = Release|Any CPU
		{DD0DAEE5-5F0F-4A40-9A0A-3533077CB553}.Release|Any CPU.Build.0 = Release|Any CPU
		{7A667652-C04C-427D-ABF7-F9CD6510B090}.Debug_Unity|Any CPU.ActiveCfg = Debug|Any CPU
		{7A667652-C04C-427D-ABF7-F9CD6510B090}.Debug_Unity|Any CPU.Build.0 = Debug|Any CPU
		{7A667652-C04C-427D-ABF7-F9CD6510B090}.Debug|Any CPU.ActiveCfg = Debug|Any CPU
		{7A667652-C04C-427D-ABF7-F9CD6510B090}.Debug|Any CPU.Build.0 = Debug|Any CPU
		{7A667652-C04C-427D-ABF7-F9CD6510B090}.Release|Any CPU.ActiveCfg = Release|Any CPU
		{7A667652-C04C-427D-ABF7-F9CD6510B090}.Release|Any CPU.Build.0 = Release|Any CPU
		{2ACDC367-8F0E-47C7-B467-0592E08681E6}.Debug_Unity|Any CPU.ActiveCfg = Debug|Any CPU
		{2ACDC367-8F0E-47C7-B467-0592E08681E6}.Debug_Unity|Any CPU.Build.0 = Debug|Any CPU
		{2ACDC367-8F0E-47C7-B467-0592E08681E6}.Debug|Any CPU.ActiveCfg = Debug|Any CPU
		{2ACDC367-8F0E-47C7-B467-0592E08681E6}.Debug|Any CPU.Build.0 = Debug|Any CPU
		{2ACDC367-8F0E-47C7-B467-0592E08681E6}.Release|Any CPU.ActiveCfg = Release|Any CPU
		{2ACDC367-8F0E-47C7-B467-0592E08681E6}.Release|Any CPU.Build.0 = Release|Any CPU
		{2F28AA04-316D-4C20-BF46-987D4A59691D}.Debug_Unity|Any CPU.ActiveCfg = Debug_Unity|Any CPU
		{2F28AA04-316D-4C20-BF46-987D4A59691D}.Debug_Unity|Any CPU.Build.0 = Debug_Unity|Any CPU
		{2F28AA04-316D-4C20-BF46-987D4A59691D}.Debug|Any CPU.ActiveCfg = Debug|Any CPU
		{2F28AA04-316D-4C20-BF46-987D4A59691D}.Debug|Any CPU.Build.0 = Debug|Any CPU
		{2F28AA04-316D-4C20-BF46-987D4A59691D}.Release|Any CPU.ActiveCfg = Release|Any CPU
		{2F28AA04-316D-4C20-BF46-987D4A59691D}.Release|Any CPU.Build.0 = Release|Any CPU
		{A4CFCE46-BDA8-4416-A1BB-77BD80514019}.Debug_Unity|Any CPU.ActiveCfg = Debug_Unity|Any CPU
		{A4CFCE46-BDA8-4416-A1BB-77BD80514019}.Debug_Unity|Any CPU.Build.0 = Debug_Unity|Any CPU
		{A4CFCE46-BDA8-4416-A1BB-77BD80514019}.Debug|Any CPU.ActiveCfg = Debug|Any CPU
		{A4CFCE46-BDA8-4416-A1BB-77BD80514019}.Debug|Any CPU.Build.0 = Debug|Any CPU
		{A4CFCE46-BDA8-4416-A1BB-77BD80514019}.Release|Any CPU.ActiveCfg = Release|Any CPU
		{A4CFCE46-BDA8-4416-A1BB-77BD80514019}.Release|Any CPU.Build.0 = Release|Any CPU
		{8308717D-EC47-44CD-A27D-95BE5A92A36D}.Debug_Unity|Any CPU.ActiveCfg = Debug|Any CPU
		{8308717D-EC47-44CD-A27D-95BE5A92A36D}.Debug_Unity|Any CPU.Build.0 = Debug|Any CPU
		{8308717D-EC47-44CD-A27D-95BE5A92A36D}.Debug|Any CPU.ActiveCfg = Debug|Any CPU
		{8308717D-EC47-44CD-A27D-95BE5A92A36D}.Debug|Any CPU.Build.0 = Debug|Any CPU
		{8308717D-EC47-44CD-A27D-95BE5A92A36D}.Release|Any CPU.ActiveCfg = Release|Any CPU
		{8308717D-EC47-44CD-A27D-95BE5A92A36D}.Release|Any CPU.Build.0 = Release|Any CPU
		{6CB4CDE6-4405-40E6-8BDF-5A2E9185CC04}.Debug_Unity|Any CPU.ActiveCfg = Debug|Any CPU
		{6CB4CDE6-4405-40E6-8BDF-5A2E9185CC04}.Debug_Unity|Any CPU.Build.0 = Debug|Any CPU
		{6CB4CDE6-4405-40E6-8BDF-5A2E9185CC04}.Debug|Any CPU.ActiveCfg = Debug|Any CPU
		{6CB4CDE6-4405-40E6-8BDF-5A2E9185CC04}.Debug|Any CPU.Build.0 = Debug|Any CPU
		{6CB4CDE6-4405-40E6-8BDF-5A2E9185CC04}.Release|Any CPU.ActiveCfg = Release|Any CPU
		{6CB4CDE6-4405-40E6-8BDF-5A2E9185CC04}.Release|Any CPU.Build.0 = Release|Any CPU
		{D4580866-2273-4E9B-BE70-4FA2AB11434A}.Debug_Unity|Any CPU.ActiveCfg = Debug|Any CPU
		{D4580866-2273-4E9B-BE70-4FA2AB11434A}.Debug_Unity|Any CPU.Build.0 = Debug|Any CPU
		{D4580866-2273-4E9B-BE70-4FA2AB11434A}.Debug|Any CPU.ActiveCfg = Debug|Any CPU
		{D4580866-2273-4E9B-BE70-4FA2AB11434A}.Debug|Any CPU.Build.0 = Debug|Any CPU
		{D4580866-2273-4E9B-BE70-4FA2AB11434A}.Release|Any CPU.ActiveCfg = Release|Any CPU
		{D4580866-2273-4E9B-BE70-4FA2AB11434A}.Release|Any CPU.Build.0 = Release|Any CPU
		{485F551D-9155-4982-B653-F8D4EAC2FCA1}.Debug_Unity|Any CPU.ActiveCfg = Debug|Any CPU
		{485F551D-9155-4982-B653-F8D4EAC2FCA1}.Debug_Unity|Any CPU.Build.0 = Debug|Any CPU
		{485F551D-9155-4982-B653-F8D4EAC2FCA1}.Debug|Any CPU.ActiveCfg = Debug|Any CPU
		{485F551D-9155-4982-B653-F8D4EAC2FCA1}.Debug|Any CPU.Build.0 = Debug|Any CPU
		{485F551D-9155-4982-B653-F8D4EAC2FCA1}.Release|Any CPU.ActiveCfg = Release|Any CPU
		{485F551D-9155-4982-B653-F8D4EAC2FCA1}.Release|Any CPU.Build.0 = Release|Any CPU
		{9EBEBDBA-5815-45CE-A523-1C47A47D95A6}.Debug_Unity|Any CPU.ActiveCfg = Debug|Any CPU
		{9EBEBDBA-5815-45CE-A523-1C47A47D95A6}.Debug_Unity|Any CPU.Build.0 = Debug|Any CPU
		{9EBEBDBA-5815-45CE-A523-1C47A47D95A6}.Debug|Any CPU.ActiveCfg = Debug|Any CPU
		{9EBEBDBA-5815-45CE-A523-1C47A47D95A6}.Debug|Any CPU.Build.0 = Debug|Any CPU
		{9EBEBDBA-5815-45CE-A523-1C47A47D95A6}.Release|Any CPU.ActiveCfg = Release|Any CPU
		{9EBEBDBA-5815-45CE-A523-1C47A47D95A6}.Release|Any CPU.Build.0 = Release|Any CPU
		{00E8AFF8-E4D5-4327-86F1-D03379419431}.Debug_Unity|Any CPU.ActiveCfg = Debug|Any CPU
		{00E8AFF8-E4D5-4327-86F1-D03379419431}.Debug_Unity|Any CPU.Build.0 = Debug|Any CPU
		{00E8AFF8-E4D5-4327-86F1-D03379419431}.Debug|Any CPU.ActiveCfg = Debug|Any CPU
		{00E8AFF8-E4D5-4327-86F1-D03379419431}.Debug|Any CPU.Build.0 = Debug|Any CPU
		{00E8AFF8-E4D5-4327-86F1-D03379419431}.Release|Any CPU.ActiveCfg = Release|Any CPU
		{00E8AFF8-E4D5-4327-86F1-D03379419431}.Release|Any CPU.Build.0 = Release|Any CPU
		{FAE04BC0-81CB-41C1-8B33-DDF0C6B5C318}.Debug_Unity|Any CPU.ActiveCfg = Debug|Any CPU
		{FAE04BC0-81CB-41C1-8B33-DDF0C6B5C318}.Debug_Unity|Any CPU.Build.0 = Debug|Any CPU
		{FAE04BC0-81CB-41C1-8B33-DDF0C6B5C318}.Debug|Any CPU.ActiveCfg = Debug|Any CPU
		{FAE04BC0-81CB-41C1-8B33-DDF0C6B5C318}.Debug|Any CPU.Build.0 = Debug|Any CPU
		{FAE04BC0-81CB-41C1-8B33-DDF0C6B5C318}.Release|Any CPU.ActiveCfg = Release|Any CPU
		{FAE04BC0-81CB-41C1-8B33-DDF0C6B5C318}.Release|Any CPU.Build.0 = Release|Any CPU
	EndGlobalSection
	GlobalSection(SolutionProperties) = preSolution
		HideSolutionNode = FALSE
	EndGlobalSection
	GlobalSection(NestedProjects) = preSolution
		{2F28AA04-316D-4C20-BF46-987D4A59691D} = {A0552C00-9EE4-435E-9A9A-DC44FD6F3AB9}
		{A4CFCE46-BDA8-4416-A1BB-77BD80514019} = {A0552C00-9EE4-435E-9A9A-DC44FD6F3AB9}
		{8308717D-EC47-44CD-A27D-95BE5A92A36D} = {A0552C00-9EE4-435E-9A9A-DC44FD6F3AB9}
		{6CB4CDE6-4405-40E6-8BDF-5A2E9185CC04} = {A0552C00-9EE4-435E-9A9A-DC44FD6F3AB9}
		{D4580866-2273-4E9B-BE70-4FA2AB11434A} = {A0552C00-9EE4-435E-9A9A-DC44FD6F3AB9}
		{485F551D-9155-4982-B653-F8D4EAC2FCA1} = {A0552C00-9EE4-435E-9A9A-DC44FD6F3AB9}
		{9EBEBDBA-5815-45CE-A523-1C47A47D95A6} = {A0552C00-9EE4-435E-9A9A-DC44FD6F3AB9}
		{00E8AFF8-E4D5-4327-86F1-D03379419431} = {A0552C00-9EE4-435E-9A9A-DC44FD6F3AB9}
		{FAE04BC0-81CB-41C1-8B33-DDF0C6B5C318} = {3B94D50A-8F47-40C3-847D-458A669FD407}
	EndGlobalSection
EndGlobal
